
Microsoft Visual Studio Solution File, Format Version 12.00
# Visual Studio Version 17
VisualStudioVersion = 17.0.31903.59
MinimumVisualStudioVersion = 10.0.40219.1
Project("{FAE04EC0-301F-11D3-BF4B-00C04F79EFBC}") = "GeneratedBindingsCheck", "GeneratedBindingsCheck\GeneratedBindingsCheck.csproj", "{D3EA0926-6702-46DC-9E80-366D8DEEAA3C}"
EndProject
Project("{FAE04EC0-301F-11D3-BF4B-00C04F79EFBC}") = "IntegrationTests", "IntegrationTests\IntegrationTests.csproj", "{796495F0-15AB-4F02-9F0E-6A7EF981B227}"
EndProject
Project("{FAE04EC0-301F-11D3-BF4B-00C04F79EFBC}") = "NugetMetadataReader", "NugetMetadataReader\NugetMetadataReader.csproj", "{D6804D24-5854-4FBA-B289-CFD28EF80AC1}"
EndProject
Project("{FAE04EC0-301F-11D3-BF4B-00C04F79EFBC}") = "TestDependency", "TestDependency\TestDependency.csproj", "{0FAE6B3F-ACF7-4381-BCA5-DC9F2C002651}"
EndProject
Global
	GlobalSection(SolutionConfigurationPlatforms) = preSolution
		Debug|Any CPU = Debug|Any CPU
		Debug|x64 = Debug|x64
		Debug|x86 = Debug|x86
		Release|Any CPU = Release|Any CPU
		Release|x64 = Release|x64
		Release|x86 = Release|x86
	EndGlobalSection
	GlobalSection(ProjectConfigurationPlatforms) = postSolution
		{D3EA0926-6702-46DC-9E80-366D8DEEAA3C}.Debug|Any CPU.ActiveCfg = Debug|Any CPU
		{D3EA0926-6702-46DC-9E80-366D8DEEAA3C}.Debug|Any CPU.Build.0 = Debug|Any CPU
		{D3EA0926-6702-46DC-9E80-366D8DEEAA3C}.Debug|x64.ActiveCfg = Debug|Any CPU
		{D3EA0926-6702-46DC-9E80-366D8DEEAA3C}.Debug|x64.Build.0 = Debug|Any CPU
		{D3EA0926-6702-46DC-9E80-366D8DEEAA3C}.Debug|x86.ActiveCfg = Debug|Any CPU
		{D3EA0926-6702-46DC-9E80-366D8DEEAA3C}.Debug|x86.Build.0 = Debug|Any CPU
		{D3EA0926-6702-46DC-9E80-366D8DEEAA3C}.Release|Any CPU.ActiveCfg = Release|Any CPU
		{D3EA0926-6702-46DC-9E80-366D8DEEAA3C}.Release|Any CPU.Build.0 = Release|Any CPU
		{D3EA0926-6702-46DC-9E80-366D8DEEAA3C}.Release|x64.ActiveCfg = Release|Any CPU
		{D3EA0926-6702-46DC-9E80-366D8DEEAA3C}.Release|x64.Build.0 = Release|Any CPU
		{D3EA0926-6702-46DC-9E80-366D8DEEAA3C}.Release|x86.ActiveCfg = Release|Any CPU
		{D3EA0926-6702-46DC-9E80-366D8DEEAA3C}.Release|x86.Build.0 = Release|Any CPU
		{796495F0-15AB-4F02-9F0E-6A7EF981B227}.Debug|Any CPU.ActiveCfg = Debug|Any CPU
		{796495F0-15AB-4F02-9F0E-6A7EF981B227}.Debug|Any CPU.Build.0 = Debug|Any CPU
		{796495F0-15AB-4F02-9F0E-6A7EF981B227}.Debug|x64.ActiveCfg = Debug|Any CPU
		{796495F0-15AB-4F02-9F0E-6A7EF981B227}.Debug|x64.Build.0 = Debug|Any CPU
		{796495F0-15AB-4F02-9F0E-6A7EF981B227}.Debug|x86.ActiveCfg = Debug|Any CPU
		{796495F0-15AB-4F02-9F0E-6A7EF981B227}.Debug|x86.Build.0 = Debug|Any CPU
		{796495F0-15AB-4F02-9F0E-6A7EF981B227}.Release|Any CPU.ActiveCfg = Release|Any CPU
		{796495F0-15AB-4F02-9F0E-6A7EF981B227}.Release|Any CPU.Build.0 = Release|Any CPU
		{796495F0-15AB-4F02-9F0E-6A7EF981B227}.Release|x64.ActiveCfg = Release|Any CPU
		{796495F0-15AB-4F02-9F0E-6A7EF981B227}.Release|x64.Build.0 = Release|Any CPU
		{796495F0-15AB-4F02-9F0E-6A7EF981B227}.Release|x86.ActiveCfg = Release|Any CPU
		{796495F0-15AB-4F02-9F0E-6A7EF981B227}.Release|x86.Build.0 = Release|Any CPU
		{D6804D24-5854-4FBA-B289-CFD28EF80AC1}.Debug|Any CPU.ActiveCfg = Debug|Any CPU
		{D6804D24-5854-4FBA-B289-CFD28EF80AC1}.Debug|Any CPU.Build.0 = Debug|Any CPU
		{D6804D24-5854-4FBA-B289-CFD28EF80AC1}.Debug|x64.ActiveCfg = Debug|Any CPU
		{D6804D24-5854-4FBA-B289-CFD28EF80AC1}.Debug|x64.Build.0 = Debug|Any CPU
		{D6804D24-5854-4FBA-B289-CFD28EF80AC1}.Debug|x86.ActiveCfg = Debug|Any CPU
		{D6804D24-5854-4FBA-B289-CFD28EF80AC1}.Debug|x86.Build.0 = Debug|Any CPU
		{D6804D24-5854-4FBA-B289-CFD28EF80AC1}.Release|Any CPU.ActiveCfg = Release|Any CPU
		{D6804D24-5854-4FBA-B289-CFD28EF80AC1}.Release|Any CPU.Build.0 = Release|Any CPU
		{D6804D24-5854-4FBA-B289-CFD28EF80AC1}.Release|x64.ActiveCfg = Release|Any CPU
		{D6804D24-5854-4FBA-B289-CFD28EF80AC1}.Release|x64.Build.0 = Release|Any CPU
		{D6804D24-5854-4FBA-B289-CFD28EF80AC1}.Release|x86.ActiveCfg = Release|Any CPU
		{D6804D24-5854-4FBA-B289-CFD28EF80AC1}.Release|x86.Build.0 = Release|Any CPU
		{0FAE6B3F-ACF7-4381-BCA5-DC9F2C002651}.Debug|Any CPU.ActiveCfg = Debug|Any CPU
		{0FAE6B3F-ACF7-4381-BCA5-DC9F2C002651}.Debug|Any CPU.Build.0 = Debug|Any CPU
		{0FAE6B3F-ACF7-4381-BCA5-DC9F2C002651}.Debug|x64.ActiveCfg = Debug|Any CPU
		{0FAE6B3F-ACF7-4381-BCA5-DC9F2C002651}.Debug|x64.Build.0 = Debug|Any CPU
		{0FAE6B3F-ACF7-4381-BCA5-DC9F2C002651}.Debug|x86.ActiveCfg = Debug|Any CPU
		{0FAE6B3F-ACF7-4381-BCA5-DC9F2C002651}.Debug|x86.Build.0 = Debug|Any CPU
		{0FAE6B3F-ACF7-4381-BCA5-DC9F2C002651}.Release|Any CPU.ActiveCfg = Release|Any CPU
		{0FAE6B3F-ACF7-4381-BCA5-DC9F2C002651}.Release|Any CPU.Build.0 = Release|Any CPU
		{0FAE6B3F-ACF7-4381-BCA5-DC9F2C002651}.Release|x64.ActiveCfg = Release|Any CPU
		{0FAE6B3F-ACF7-4381-BCA5-DC9F2C002651}.Release|x64.Build.0 = Release|Any CPU
		{0FAE6B3F-ACF7-4381-BCA5-DC9F2C002651}.Release|x86.ActiveCfg = Release|Any CPU
		{0FAE6B3F-ACF7-4381-BCA5-DC9F2C002651}.Release|x86.Build.0 = Release|Any CPU
	EndGlobalSection
	GlobalSection(SolutionProperties) = preSolution
		HideSolutionNode = FALSE
	EndGlobalSection
EndGlobal
