
Microsoft Visual Studio Solution File, Format Version 12.00
Project("{FAE04EC0-301F-11D3-BF4B-00C04F79EFBC}") = "SampleApp", "SampleApp\SampleApp.csproj", "{6839282B-6265-4007-B935-60D922146073}"
EndProject
Project("{FAE04EC0-301F-11D3-BF4B-00C04F79EFBC}") = "SampleApp.Tests", "SampleApp.Tests\SampleApp.Tests.csproj", "{6F0740BC-6064-4C67-B778-C1A1ABE7756C}"
EndProject
Global
	GlobalSection(SolutionConfigurationPlatforms) = preSolution
		Debug|Any CPU = Debug|Any CPU
		Debug|x64 = Debug|x64
		Debug|x86 = Debug|x86
		Release|Any CPU = Release|Any CPU
		Release|x64 = Release|x64
		Release|x86 = Release|x86
	EndGlobalSection
	GlobalSection(ProjectConfigurationPlatforms) = postSolution
		{6839282B-6265-4007-B935-60D922146073}.Debug|Any CPU.ActiveCfg = Debug|Any CPU
		{6839282B-6265-4007-B935-60D922146073}.Debug|Any CPU.Build.0 = Debug|Any CPU
		{6839282B-6265-4007-B935-60D922146073}.Debug|x64.ActiveCfg = Debug|Any CPU
		{6839282B-6265-4007-B935-60D922146073}.Debug|x64.Build.0 = Debug|Any CPU
		{6839282B-6265-4007-B935-60D922146073}.Debug|x86.ActiveCfg = Debug|Any CPU
		{6839282B-6265-4007-B935-60D922146073}.Debug|x86.Build.0 = Debug|Any CPU
		{6839282B-6265-4007-B935-60D922146073}.Release|Any CPU.ActiveCfg = Release|Any CPU
		{6839282B-6265-4007-B935-60D922146073}.Release|Any CPU.Build.0 = Release|Any CPU
		{6839282B-6265-4007-B935-60D922146073}.Release|x64.ActiveCfg = Release|Any CPU
		{6839282B-6265-4007-B935-60D922146073}.Release|x64.Build.0 = Release|Any CPU
		{6839282B-6265-4007-B935-60D922146073}.Release|x86.ActiveCfg = Release|Any CPU
		{6839282B-6265-4007-B935-60D922146073}.Release|x86.Build.0 = Release|Any CPU
		{6F0740BC-6064-4C67-B778-C1A1ABE7756C}.Debug|Any CPU.ActiveCfg = Debug|Any CPU
		{6F0740BC-6064-4C67-B778-C1A1ABE7756C}.Debug|Any CPU.Build.0 = Debug|Any CPU
		{6F0740BC-6064-4C67-B778-C1A1ABE7756C}.Debug|x64.ActiveCfg = Debug|Any CPU
		{6F0740BC-6064-4C67-B778-C1A1ABE7756C}.Debug|x64.Build.0 = Debug|Any CPU
		{6F0740BC-6064-4C67-B778-C1A1ABE7756C}.Debug|x86.ActiveCfg = Debug|Any CPU
		{6F0740BC-6064-4C67-B778-C1A1ABE7756C}.Debug|x86.Build.0 = Debug|Any CPU
		{6F0740BC-6064-4C67-B778-C1A1ABE7756C}.Release|Any CPU.ActiveCfg = Release|Any CPU
		{6F0740BC-6064-4C67-B778-C1A1ABE7756C}.Release|Any CPU.Build.0 = Release|Any CPU
		{6F0740BC-6064-4C67-B778-C1A1ABE7756C}.Release|x64.ActiveCfg = Release|Any CPU
		{6F0740BC-6064-4C67-B778-C1A1ABE7756C}.Release|x64.Build.0 = Release|Any CPU
		{6F0740BC-6064-4C67-B778-C1A1ABE7756C}.Release|x86.ActiveCfg = Release|Any CPU
		{6F0740BC-6064-4C67-B778-C1A1ABE7756C}.Release|x86.Build.0 = Release|Any CPU
	EndGlobalSection
	GlobalSection(SolutionProperties) = preSolution
		HideSolutionNode = FALSE
	EndGlobalSection
EndGlobal
